
Microsoft Visual Studio Solution File, Format Version 12.00
# Visual Studio Version 17
VisualStudioVersion = 17.11.35327.3
MinimumVisualStudioVersion = 10.0.40219.1
Project("{9A19103F-16F7-4668-BE54-9A1E7A4F7556}") = "CarRentalManagement", "CarRentalManagement\CarRentalManagement.csproj", "{CE175C47-42FE-44B9-AA4B-9047C296613D}"
EndProject
Global
	GlobalSection(SolutionConfigurationPlatforms) = preSolution
		Debug|Any CPU = Debug|Any CPU
		Release|Any CPU = Release|Any CPU
	EndGlobalSection
	GlobalSection(ProjectConfigurationPlatforms) = postSolution
		{CE175C47-42FE-44B9-AA4B-9047C296613D}.Debug|Any CPU.ActiveCfg = Debug|Any CPU
		{CE175C47-42FE-44B9-AA4B-9047C296613D}.Debug|Any CPU.Build.0 = Debug|Any CPU
		{CE175C47-42FE-44B9-AA4B-9047C296613D}.Release|Any CPU.ActiveCfg = Release|Any CPU
		{CE175C47-42FE-44B9-AA4B-9047C296613D}.Release|Any CPU.Build.0 = Release|Any CPU
	EndGlobalSection
	GlobalSection(SolutionProperties) = preSolution
		HideSolutionNode = FALSE
	EndGlobalSection
	GlobalSection(ExtensibilityGlobals) = postSolution
		SolutionGuid = {6075D6C2-38E8-4B22-B7B6-26DE32991B5F}
	EndGlobalSection
EndGlobal
